
Microsoft Visual Studio Solution File, Format Version 12.00
# Visual Studio 15
VisualStudioVersion = 15.0.28307.572
MinimumVisualStudioVersion = 10.0.40219.1
Project("{8BC9CEB8-8B4A-11D0-8D11-00A0C91BC942}") = "C++0712", "C++0712\C++0712.vcxproj", "{7CDB6C36-135D-46F4-A2F1-4CF4140BEB68}"
EndProject
Global
	GlobalSection(SolutionConfigurationPlatforms) = preSolution
		Debug|x64 = Debug|x64
		Debug|x86 = Debug|x86
		Release|x64 = Release|x64
		Release|x86 = Release|x86
	EndGlobalSection
	GlobalSection(ProjectConfigurationPlatforms) = postSolution
		{7CDB6C36-135D-46F4-A2F1-4CF4140BEB68}.Debug|x64.ActiveCfg = Debug|x64
		{7CDB6C36-135D-46F4-A2F1-4CF4140BEB68}.Debug|x64.Build.0 = Debug|x64
		{7CDB6C36-135D-46F4-A2F1-4CF4140BEB68}.Debug|x86.ActiveCfg = Debug|Win32
		{7CDB6C36-135D-46F4-A2F1-4CF4140BEB68}.Debug|x86.Build.0 = Debug|Win32
		{7CDB6C36-135D-46F4-A2F1-4CF4140BEB68}.Release|x64.ActiveCfg = Release|x64
		{7CDB6C36-135D-46F4-A2F1-4CF4140BEB68}.Release|x64.Build.0 = Release|x64
		{7CDB6C36-135D-46F4-A2F1-4CF4140BEB68}.Release|x86.ActiveCfg = Release|Win32
		{7CDB6C36-135D-46F4-A2F1-4CF4140BEB68}.Release|x86.Build.0 = Release|Win32
	EndGlobalSection
	GlobalSection(SolutionProperties) = preSolution
		HideSolutionNode = FALSE
	EndGlobalSection
	GlobalSection(ExtensibilityGlobals) = postSolution
		SolutionGuid = {630FED7A-21A8-49B8-BDA7-A1E1F78E8AF7}
	EndGlobalSection
EndGlobal
